
Microsoft Visual Studio Solution File, Format Version 12.00
# Visual Studio Version 16
VisualStudioVersion = 16.0.30621.155
MinimumVisualStudioVersion = 10.0.40219.1
Project("{FAE04EC0-301F-11D3-BF4B-00C04F79EFBC}") = "FindMeJobUpdateService.Entities", "FindMeJobUpdateService.Entities\FindMeJobUpdateService.Entities.csproj", "{86F024E5-DF07-4FBC-9AE1-790558F7D2CE}"
EndProject
Project("{FAE04EC0-301F-11D3-BF4B-00C04F79EFBC}") = "FindMeJobUpdateService.DataAccess", "FindMeJobUpdateService.DataAccess\FindMeJobUpdateService.DataAccess.csproj", "{21F419EE-56F3-48C2-8163-BF7A420B52F1}"
EndProject
Project("{FAE04EC0-301F-11D3-BF4B-00C04F79EFBC}") = "FindMeJobUpdateService.Core", "FindMeJobUpdateService.Core\FindMeJobUpdateService.Core.csproj", "{9E2B538D-C973-4029-BC75-D8BBEE6838FC}"
EndProject
Project("{FAE04EC0-301F-11D3-BF4B-00C04F79EFBC}") = "FindMeJobUpdateService.Business", "FindMeJobUpdateService.Business\FindMeJobUpdateService.Business.csproj", "{7963F577-4A5B-40A0-B7CD-B74E923E43BF}"
EndProject
Project("{FAE04EC0-301F-11D3-BF4B-00C04F79EFBC}") = "FindMeJobUpdateService.WebAPI", "FindMeJobUpdateService.WebAPI\FindMeJobUpdateService.WebAPI.csproj", "{C945D408-1723-4481-AA2B-D3BD8E88C2CB}"
EndProject
Global
	GlobalSection(SolutionConfigurationPlatforms) = preSolution
		Debug|Any CPU = Debug|Any CPU
		Release|Any CPU = Release|Any CPU
	EndGlobalSection
	GlobalSection(ProjectConfigurationPlatforms) = postSolution
		{86F024E5-DF07-4FBC-9AE1-790558F7D2CE}.Debug|Any CPU.ActiveCfg = Debug|Any CPU
		{86F024E5-DF07-4FBC-9AE1-790558F7D2CE}.Debug|Any CPU.Build.0 = Debug|Any CPU
		{86F024E5-DF07-4FBC-9AE1-790558F7D2CE}.Release|Any CPU.ActiveCfg = Release|Any CPU
		{86F024E5-DF07-4FBC-9AE1-790558F7D2CE}.Release|Any CPU.Build.0 = Release|Any CPU
		{21F419EE-56F3-48C2-8163-BF7A420B52F1}.Debug|Any CPU.ActiveCfg = Debug|Any CPU
		{21F419EE-56F3-48C2-8163-BF7A420B52F1}.Debug|Any CPU.Build.0 = Debug|Any CPU
		{21F419EE-56F3-48C2-8163-BF7A420B52F1}.Release|Any CPU.ActiveCfg = Release|Any CPU
		{21F419EE-56F3-48C2-8163-BF7A420B52F1}.Release|Any CPU.Build.0 = Release|Any CPU
		{9E2B538D-C973-4029-BC75-D8BBEE6838FC}.Debug|Any CPU.ActiveCfg = Debug|Any CPU
		{9E2B538D-C973-4029-BC75-D8BBEE6838FC}.Debug|Any CPU.Build.0 = Debug|Any CPU
		{9E2B538D-C973-4029-BC75-D8BBEE6838FC}.Release|Any CPU.ActiveCfg = Release|Any CPU
		{9E2B538D-C973-4029-BC75-D8BBEE6838FC}.Release|Any CPU.Build.0 = Release|Any CPU
		{7963F577-4A5B-40A0-B7CD-B74E923E43BF}.Debug|Any CPU.ActiveCfg = Debug|Any CPU
		{7963F577-4A5B-40A0-B7CD-B74E923E43BF}.Debug|Any CPU.Build.0 = Debug|Any CPU
		{7963F577-4A5B-40A0-B7CD-B74E923E43BF}.Release|Any CPU.ActiveCfg = Release|Any CPU
		{7963F577-4A5B-40A0-B7CD-B74E923E43BF}.Release|Any CPU.Build.0 = Release|Any CPU
		{C945D408-1723-4481-AA2B-D3BD8E88C2CB}.Debug|Any CPU.ActiveCfg = Debug|Any CPU
		{C945D408-1723-4481-AA2B-D3BD8E88C2CB}.Debug|Any CPU.Build.0 = Debug|Any CPU
		{C945D408-1723-4481-AA2B-D3BD8E88C2CB}.Release|Any CPU.ActiveCfg = Release|Any CPU
		{C945D408-1723-4481-AA2B-D3BD8E88C2CB}.Release|Any CPU.Build.0 = Release|Any CPU
	EndGlobalSection
	GlobalSection(SolutionProperties) = preSolution
		HideSolutionNode = FALSE
	EndGlobalSection
	GlobalSection(ExtensibilityGlobals) = postSolution
		SolutionGuid = {6D0F62D5-0BC7-4147-8843-4E7CC3F88601}
	EndGlobalSection
EndGlobal
